
Microsoft Visual Studio Solution File, Format Version 12.00
# Visual Studio Version 17
VisualStudioVersion = 17.7.34024.191
MinimumVisualStudioVersion = 10.0.40219.1
Project("{9A19103F-16F7-4668-BE54-9A1E7A4F7556}") = "Scoreboard.Shell", "src\Scoreboard.Shell\Scoreboard.Shell.csproj", "{0BF113A8-C91C-4CA5-89AF-70E053469846}"
EndProject
Project("{9A19103F-16F7-4668-BE54-9A1E7A4F7556}") = "Scoreboard.Modules.Main", "src\Modules\Scoreboard.Modules.Main\Scoreboard.Modules.Main.csproj", "{5359515A-092F-4F8F-A278-D94C84089DAC}"
EndProject
Project("{2150E333-8FDC-42A3-9474-1A3956D46DE8}") = "Modules", "Modules", "{21C6CDB9-C956-427B-8C8D-8947DB41289A}"
EndProject
Global
	GlobalSection(SolutionConfigurationPlatforms) = preSolution
		Debug|Any CPU = Debug|Any CPU
		Release|Any CPU = Release|Any CPU
	EndGlobalSection
	GlobalSection(ProjectConfigurationPlatforms) = postSolution
		{0BF113A8-C91C-4CA5-89AF-70E053469846}.Debug|Any CPU.ActiveCfg = Debug|Any CPU
		{0BF113A8-C91C-4CA5-89AF-70E053469846}.Debug|Any CPU.Build.0 = Debug|Any CPU
		{0BF113A8-C91C-4CA5-89AF-70E053469846}.Release|Any CPU.ActiveCfg = Release|Any CPU
		{0BF113A8-C91C-4CA5-89AF-70E053469846}.Release|Any CPU.Build.0 = Release|Any CPU
		{5359515A-092F-4F8F-A278-D94C84089DAC}.Debug|Any CPU.ActiveCfg = Debug|Any CPU
		{5359515A-092F-4F8F-A278-D94C84089DAC}.Debug|Any CPU.Build.0 = Debug|Any CPU
		{5359515A-092F-4F8F-A278-D94C84089DAC}.Release|Any CPU.ActiveCfg = Release|Any CPU
		{5359515A-092F-4F8F-A278-D94C84089DAC}.Release|Any CPU.Build.0 = Release|Any CPU
	EndGlobalSection
	GlobalSection(SolutionProperties) = preSolution
		HideSolutionNode = FALSE
	EndGlobalSection
	GlobalSection(NestedProjects) = preSolution
		{5359515A-092F-4F8F-A278-D94C84089DAC} = {21C6CDB9-C956-427B-8C8D-8947DB41289A}
	EndGlobalSection
	GlobalSection(ExtensibilityGlobals) = postSolution
		SolutionGuid = {FC065DD3-14C9-4BE9-8BC8-1EB67FF580AF}
	EndGlobalSection
EndGlobal
